
Microsoft Visual Studio Solution File, Format Version 12.00
# Visual Studio Version 16
VisualStudioVersion = 16.0.29709.97
MinimumVisualStudioVersion = 10.0.40219.1
Project("{9A19103F-16F7-4668-BE54-9A1E7A4F7556}") = "DeliverySimulation", "src\DeliverySimulation.API\DeliverySimulation.csproj", "{EA44B4E2-762C-4EDE-BBD6-B8F3155B98A8}"
EndProject
Project("{9A19103F-16F7-4668-BE54-9A1E7A4F7556}") = "DeliverySimulation.Models", "src\DeliverySimulation.Models\DeliverySimulation.Models.csproj", "{C96CB662-544B-4A29-A22B-7F1B64B0EFA0}"
EndProject
Global
	GlobalSection(SolutionConfigurationPlatforms) = preSolution
		Debug|Any CPU = Debug|Any CPU
		Release|Any CPU = Release|Any CPU
	EndGlobalSection
	GlobalSection(ProjectConfigurationPlatforms) = postSolution
		{EA44B4E2-762C-4EDE-BBD6-B8F3155B98A8}.Debug|Any CPU.ActiveCfg = Debug|Any CPU
		{EA44B4E2-762C-4EDE-BBD6-B8F3155B98A8}.Debug|Any CPU.Build.0 = Debug|Any CPU
		{EA44B4E2-762C-4EDE-BBD6-B8F3155B98A8}.Release|Any CPU.ActiveCfg = Release|Any CPU
		{EA44B4E2-762C-4EDE-BBD6-B8F3155B98A8}.Release|Any CPU.Build.0 = Release|Any CPU
		{C96CB662-544B-4A29-A22B-7F1B64B0EFA0}.Debug|Any CPU.ActiveCfg = Debug|Any CPU
		{C96CB662-544B-4A29-A22B-7F1B64B0EFA0}.Debug|Any CPU.Build.0 = Debug|Any CPU
		{C96CB662-544B-4A29-A22B-7F1B64B0EFA0}.Release|Any CPU.ActiveCfg = Release|Any CPU
		{C96CB662-544B-4A29-A22B-7F1B64B0EFA0}.Release|Any CPU.Build.0 = Release|Any CPU
	EndGlobalSection
	GlobalSection(SolutionProperties) = preSolution
		HideSolutionNode = FALSE
	EndGlobalSection
	GlobalSection(ExtensibilityGlobals) = postSolution
		SolutionGuid = {2C0C702E-ABF9-4EAC-8BFB-47E11B0D1593}
	EndGlobalSection
EndGlobal
