
Microsoft Visual Studio Solution File, Format Version 12.00
# Visual Studio Version 16
VisualStudioVersion = 16.0.29709.97
MinimumVisualStudioVersion = 10.0.40219.1
Project("{9A19103F-16F7-4668-BE54-9A1E7A4F7556}") = "DeliverySimulation", "DeliverySimulation.csproj", "{D979D563-2AE3-41EA-8B10-41DA8722FDDC}"
EndProject
Project("{FAE04EC0-301F-11D3-BF4B-00C04F79EFBC}") = "DeliverySimulation.Models", "..\DeliverySimulation.Models\DeliverySimulation.Models.csproj", "{5E68FA27-1473-4161-AAE2-627B31760EE1}"
EndProject
Global
	GlobalSection(SolutionConfigurationPlatforms) = preSolution
		Debug|Any CPU = Debug|Any CPU
		Release|Any CPU = Release|Any CPU
	EndGlobalSection
	GlobalSection(ProjectConfigurationPlatforms) = postSolution
		{D979D563-2AE3-41EA-8B10-41DA8722FDDC}.Debug|Any CPU.ActiveCfg = Debug|Any CPU
		{D979D563-2AE3-41EA-8B10-41DA8722FDDC}.Debug|Any CPU.Build.0 = Debug|Any CPU
		{D979D563-2AE3-41EA-8B10-41DA8722FDDC}.Release|Any CPU.ActiveCfg = Release|Any CPU
		{D979D563-2AE3-41EA-8B10-41DA8722FDDC}.Release|Any CPU.Build.0 = Release|Any CPU
		{5E68FA27-1473-4161-AAE2-627B31760EE1}.Debug|Any CPU.ActiveCfg = Debug|Any CPU
		{5E68FA27-1473-4161-AAE2-627B31760EE1}.Debug|Any CPU.Build.0 = Debug|Any CPU
		{5E68FA27-1473-4161-AAE2-627B31760EE1}.Release|Any CPU.ActiveCfg = Release|Any CPU
		{5E68FA27-1473-4161-AAE2-627B31760EE1}.Release|Any CPU.Build.0 = Release|Any CPU
	EndGlobalSection
	GlobalSection(SolutionProperties) = preSolution
		HideSolutionNode = FALSE
	EndGlobalSection
	GlobalSection(ExtensibilityGlobals) = postSolution
		SolutionGuid = {2C0C702E-ABF9-4EAC-8BFB-47E11B0D1593}
	EndGlobalSection
EndGlobal
